
Microsoft Visual Studio Solution File, Format Version 12.00
# Visual Studio Version 16
VisualStudioVersion = 16.0.30114.105
MinimumVisualStudioVersion = 10.0.40219.1
Project("{FAE04EC0-301F-11D3-BF4B-00C04F79EFBC}") = "UpdateRaceCard", "UpdateRaceCard\UpdateRaceCard.csproj", "{BDA0F05E-B575-4836-AEDC-1DA8905D7AE2}"
EndProject
Global
	GlobalSection(SolutionConfigurationPlatforms) = preSolution
		Debug|Any CPU = Debug|Any CPU
		Release|Any CPU = Release|Any CPU
	EndGlobalSection
	GlobalSection(ProjectConfigurationPlatforms) = postSolution
		{BDA0F05E-B575-4836-AEDC-1DA8905D7AE2}.Debug|Any CPU.ActiveCfg = Debug|Any CPU
		{BDA0F05E-B575-4836-AEDC-1DA8905D7AE2}.Debug|Any CPU.Build.0 = Debug|Any CPU
		{BDA0F05E-B575-4836-AEDC-1DA8905D7AE2}.Release|Any CPU.ActiveCfg = Release|Any CPU
		{BDA0F05E-B575-4836-AEDC-1DA8905D7AE2}.Release|Any CPU.Build.0 = Release|Any CPU
	EndGlobalSection
	GlobalSection(SolutionProperties) = preSolution
		HideSolutionNode = FALSE
	EndGlobalSection
	GlobalSection(ExtensibilityGlobals) = postSolution
		SolutionGuid = {363627F3-7920-401B-956B-94C76E477F6E}
	EndGlobalSection
EndGlobal
